{
  "originHash" : "074e7d625e730ffea4094cd786f86f04d55019f7d44edb63a42fca358294dc0c",
  "pins" : [
    {
      "identity" : "significanthobbies",
      "kind" : "remoteSourceControl",
      "location" : "https://github.com/Significant-Hobbies/significanthobbies.git",
      "state" : {
        "revision" : "ebfc2387acf643bbb63e07c7a8e41fbc586cdca2"
      }
    }
  ],
  "version" : 3
}
