{
  "originHash" : "3085d8a15917eafe654b3eda341946d70407788395a33c6787ee3ec9de51f4cd",
  "pins" : [
    {
      "identity" : "significanthobbies",
      "kind" : "remoteSourceControl",
      "location" : "https://github.com/Significant-Hobbies/significanthobbies.git",
      "state" : {
        "revision" : "007cc255e75d291d10528ea9b123759d7e050be3"
      }
    }
  ],
  "version" : 3
}
